// !$*UTF8*$!
{
	archiveVersion = 1;
	classes = {
	};
	objectVersion = 50;
	objects = {

/* Begin PBXBuildFile section */
		C65AD422257EA7E100A978C9 /* AppDelegate.swift in Sources */ = {isa = PBXBuildFile; fileRef = C65AD421257EA7E100A978C9 /* AppDelegate.swift */; };
		C65AD424257EA7E100A978C9 /* SceneDelegate.swift in Sources */ = {isa = PBXBuildFile; fileRef = C65AD423257EA7E100A978C9 /* SceneDelegate.swift */; };
		C65AD426257EA7E100A978C9 /* ViewController.swift in Sources */ = {isa = PBXBuildFile; fileRef = C65AD425257EA7E100A978C9 /* ViewController.swift */; };
		C65AD429257EA7E100A978C9 /* Main.storyboard in Resources */ = {isa = PBXBuildFile; fileRef = C65AD427257EA7E100A978C9 /* Main.storyboard */; };
		C65AD42B257EA7E300A978C9 /* Assets.xcassets in Resources */ = {isa = PBXBuildFile; fileRef = C65AD42A257EA7E300A978C9 /* Assets.xcassets */; };
		C65AD42E257EA7E300A978C9 /* LaunchScreen.storyboard in Resources */ = {isa = PBXBuildFile; fileRef = C65AD42C257EA7E300A978C9 /* LaunchScreen.storyboard */; };
		C65AD439257EA7E300A978C9 /* ConcentrationTests.swift in Sources */ = {isa = PBXBuildFile; fileRef = C65AD438257EA7E300A978C9 /* ConcentrationTests.swift */; };
		C65AD444257EA7E300A978C9 /* ConcentrationUITests.swift in Sources */ = {isa = PBXBuildFile; fileRef = C65AD443257EA7E300A978C9 /* ConcentrationUITests.swift */; };
/* End PBXBuildFile section */

/* Begin PBXContainerItemProxy section */
		C65AD435257EA7E300A978C9 /* PBXContainerItemProxy */ = {
			isa = PBXContainerItemProxy;
			containerPortal = C65AD416257EA7E100A978C9 /* Project object */;
			proxyType = 1;
			remoteGlobalIDString = C65AD41D257EA7E100A978C9;
			remoteInfo = Concentration;
		};
		C65AD440257EA7E300A978C9 /* PBXContainerItemProxy */ = {
			isa = PBXContainerItemProxy;
			containerPortal = C65AD416257EA7E100A978C9 /* Project object */;
			proxyType = 1;
			remoteGlobalIDString = C65AD41D257EA7E100A978C9;
			remoteInfo = Concentration;
		};
/* End PBXContainerItemProxy section */

/* Begin PBXFileReference section */
		C65AD41E257EA7E100A978C9 /* Concentration.app */ = {isa = PBXFileReference; explicitFileType = wrapper.application; includeInIndex = 0; path = Concentration.app; sourceTree = BUILT_PRODUCTS_DIR; };
		C65AD421257EA7E100A978C9 /* AppDelegate.swift */ = {isa = PBXFileReference; lastKnownFileType = sourcecode.swift; path = AppDelegate.swift; sourceTree = "<group>"; };
		C65AD423257EA7E100A978C9 /* SceneDelegate.swift */ = {isa = PBXFileReference; lastKnownFileType = sourcecode.swift; path = SceneDelegate.swift; sourceTree = "<group>"; };
		C65AD425257EA7E100A978C9 /* ViewController.swift */ = {isa = PBXFileReference; lastKnownFileType = sourcecode.swift; path = ViewController.swift; sourceTree = "<group>"; };
		C65AD428257EA7E100A978C9 /* Base */ = {isa = PBXFileReference; lastKnownFileType = file.storyboard; name = Base; path = Base.lproj/Main.storyboard; sourceTree = "<group>"; };
		C65AD42A257EA7E300A978C9 /* Assets.xcassets */ = {isa = PBXFileReference; lastKnownFileType = folder.assetcatalog; path = Assets.xcassets; sourceTree = "<group>"; };
		C65AD42D257EA7E300A978C9 /* Base */ = {isa = PBXFileReference; lastKnownFileType = file.storyboard; name = Base; path = Base.lproj/LaunchScreen.storyboard; sourceTree = "<group>"; };
		C65AD42F257EA7E300A978C9 /* Info.plist */ = {isa = PBXFileReference; lastKnownFileType = text.plist.xml; path = Info.plist; sourceTree = "<group>"; };
		C65AD434257EA7E300A978C9 /* ConcentrationTests.xctest */ = {isa = PBXFileReference; explicitFileType = wrapper.cfbundle; includeInIndex = 0; path = ConcentrationTests.xctest; sourceTree = BUILT_PRODUCTS_DIR; };
		C65AD438257EA7E300A978C9 /* ConcentrationTests.swift */ = {isa = PBXFileReference; lastKnownFileType = sourcecode.swift; path = ConcentrationTests.swift; sourceTree = "<group>"; };
		C65AD43A257EA7E300A978C9 /* Info.plist */ = {isa = PBXFileReference; lastKnownFileType = text.plist.xml; path = Info.plist; sourceTree = "<group>"; };
		C65AD43F257EA7E300A978C9 /* ConcentrationUITests.xctest */ = {isa = PBXFileReference; explicitFileType = wrapper.cfbundle; includeInIndex = 0; path = ConcentrationUITests.xctest; sourceTree = BUILT_PRODUCTS_DIR; };
		C65AD443257EA7E300A978C9 /* ConcentrationUITests.swift */ = {isa = PBXFileReference; lastKnownFileType = sourcecode.swift; path = ConcentrationUITests.swift; sourceTree = "<group>"; };
		C65AD445257EA7E300A978C9 /* Info.plist */ = {isa = PBXFileReference; lastKnownFileType = text.plist.xml; path = Info.plist; sourceTree = "<group>"; };
/* End PBXFileReference section */

/* Begin PBXFrameworksBuildPhase section */
		C65AD41B257EA7E100A978C9 /* Frameworks */ = {
			isa = PBXFrameworksBuildPhase;
			buildActionMask = 2147483647;
			files = (
			);
			runOnlyForDeploymentPostprocessing = 0;
		};
		C65AD431257EA7E300A978C9 /* Frameworks */ = {
			isa = PBXFrameworksBuildPhase;
			buildActionMask = 2147483647;
			files = (
			);
			runOnlyForDeploymentPostprocessing = 0;
		};
		C65AD43C257EA7E300A978C9 /* Frameworks */ = {
			isa = PBXFrameworksBuildPhase;
			buildActionMask = 2147483647;
			files = (
			);
			runOnlyForDeploymentPostprocessing = 0;
		};
/* End PBXFrameworksBuildPhase section */

/* Begin PBXGroup section */
		C65AD415257EA7E100A978C9 = {
			isa = PBXGroup;
			children = (
				C65AD420257EA7E100A978C9 /* Concentration */,
				C65AD437257EA7E300A978C9 /* ConcentrationTests */,
				C65AD442257EA7E300A978C9 /* ConcentrationUITests */,
				C65AD41F257EA7E100A978C9 /* Products */,
			);
			sourceTree = "<group>";
		};
		C65AD41F257EA7E100A978C9 /* Products */ = {
			isa = PBXGroup;
			children = (
				C65AD41E257EA7E100A978C9 /* Concentration.app */,
				C65AD434257EA7E300A978C9 /* ConcentrationTests.xctest */,
				C65AD43F257EA7E300A978C9 /* ConcentrationUITests.xctest */,
			);
			name = Products;
			sourceTree = "<group>";
		};
		C65AD420257EA7E100A978C9 /* Concentration */ = {
			isa = PBXGroup;
			children = (
				C65AD454257EA8FF00A978C9 /* Supporting Files */,
				C65AD425257EA7E100A978C9 /* ViewController.swift */,
				C65AD427257EA7E100A978C9 /* Main.storyboard */,
				C65AD42F257EA7E300A978C9 /* Info.plist */,
			);
			path = Concentration;
			sourceTree = "<group>";
		};
		C65AD437257EA7E300A978C9 /* ConcentrationTests */ = {
			isa = PBXGroup;
			children = (
				C65AD438257EA7E300A978C9 /* ConcentrationTests.swift */,
				C65AD43A257EA7E300A978C9 /* Info.plist */,
			);
			path = ConcentrationTests;
			sourceTree = "<group>";
		};
		C65AD442257EA7E300A978C9 /* ConcentrationUITests */ = {
			isa = PBXGroup;
			children = (
				C65AD443257EA7E300A978C9 /* ConcentrationUITests.swift */,
				C65AD445257EA7E300A978C9 /* Info.plist */,
			);
			path = ConcentrationUITests;
			sourceTree = "<group>";
		};
		C65AD454257EA8FF00A978C9 /* Supporting Files */ = {
			isa = PBXGroup;
			children = (
				C65AD423257EA7E100A978C9 /* SceneDelegate.swift */,
				C65AD421257EA7E100A978C9 /* AppDelegate.swift */,
				C65AD42A257EA7E300A978C9 /* Assets.xcassets */,
				C65AD42C257EA7E300A978C9 /* LaunchScreen.storyboard */,
			);
			path = "Supporting Files";
			sourceTree = "<group>";
		};
/* End PBXGroup section */

/* Begin PBXNativeTarget section */
		C65AD41D257EA7E100A978C9 /* Concentration */ = {
			isa = PBXNativeTarget;
			buildConfigurationList = C65AD448257EA7E300A978C9 /* Build configuration list for PBXNativeTarget "Concentration" */;
			buildPhases = (
				C65AD41A257EA7E100A978C9 /* Sources */,
				C65AD41B257EA7E100A978C9 /* Frameworks */,
				C65AD41C257EA7E100A978C9 /* Resources */,
			);
			buildRules = (
			);
			dependencies = (
			);
			name = Concentration;
			productName = Concentration;
			productReference = C65AD41E257EA7E100A978C9 /* Concentration.app */;
			productType = "com.apple.product-type.application";
		};
		C65AD433257EA7E300A978C9 /* ConcentrationTests */ = {
			isa = PBXNativeTarget;
			buildConfigurationList = C65AD44B257EA7E300A978C9 /* Build configuration list for PBXNativeTarget "ConcentrationTests" */;
			buildPhases = (
				C65AD430257EA7E300A978C9 /* Sources */,
				C65AD431257EA7E300A978C9 /* Frameworks */,
				C65AD432257EA7E300A978C9 /* Resources */,
			);
			buildRules = (
			);
			dependencies = (
				C65AD436257EA7E300A978C9 /* PBXTargetDependency */,
			);
			name = ConcentrationTests;
			productName = ConcentrationTests;
			productReference = C65AD434257EA7E300A978C9 /* ConcentrationTests.xctest */;
			productType = "com.apple.product-type.bundle.unit-test";
		};
		C65AD43E257EA7E300A978C9 /* ConcentrationUITests */ = {
			isa = PBXNativeTarget;
			buildConfigurationList = C65AD44E257EA7E300A978C9 /* Build configuration list for PBXNativeTarget "ConcentrationUITests" */;
			buildPhases = (
				C65AD43B257EA7E300A978C9 /* Sources */,
				C65AD43C257EA7E300A978C9 /* Frameworks */,
				C65AD43D257EA7E300A978C9 /* Resources */,
			);
			buildRules = (
			);
			dependencies = (
				C65AD441257EA7E300A978C9 /* PBXTargetDependency */,
			);
			name = ConcentrationUITests;
			productName = ConcentrationUITests;
			productReference = C65AD43F257EA7E300A978C9 /* ConcentrationUITests.xctest */;
			productType = "com.apple.product-type.bundle.ui-testing";
		};
/* End PBXNativeTarget section */

/* Begin PBXProject section */
		C65AD416257EA7E100A978C9 /* Project object */ = {
			isa = PBXProject;
			attributes = {
				LastSwiftUpdateCheck = 1220;
				LastUpgradeCheck = 1220;
				TargetAttributes = {
					C65AD41D257EA7E100A978C9 = {
						CreatedOnToolsVersion = 12.2;
					};
					C65AD433257EA7E300A978C9 = {
						CreatedOnToolsVersion = 12.2;
						TestTargetID = C65AD41D257EA7E100A978C9;
					};
					C65AD43E257EA7E300A978C9 = {
						CreatedOnToolsVersion = 12.2;
						TestTargetID = C65AD41D257EA7E100A978C9;
					};
				};
			};
			buildConfigurationList = C65AD419257EA7E100A978C9 /* Build configuration list for PBXProject "Concentration" */;
			compatibilityVersion = "Xcode 9.3";
			developmentRegion = en;
			hasScannedForEncodings = 0;
			knownRegions = (
				en,
				Base,
			);
			mainGroup = C65AD415257EA7E100A978C9;
			productRefGroup = C65AD41F257EA7E100A978C9 /* Products */;
			projectDirPath = "";
			projectRoot = "";
			targets = (
				C65AD41D257EA7E100A978C9 /* Concentration */,
				C65AD433257EA7E300A978C9 /* ConcentrationTests */,
				C65AD43E257EA7E300A978C9 /* ConcentrationUITests */,
			);
		};
/* End PBXProject section */

/* Begin PBXResourcesBuildPhase section */
		C65AD41C257EA7E100A978C9 /* Resources */ = {
			isa = PBXResourcesBuildPhase;
			buildActionMask = 2147483647;
			files = (
				C65AD42E257EA7E300A978C9 /* LaunchScreen.storyboard in Resources */,
				C65AD42B257EA7E300A978C9 /* Assets.xcassets in Resources */,
				C65AD429257EA7E100A978C9 /* Main.storyboard in Resources */,
			);
			runOnlyForDeploymentPostprocessing = 0;
		};
		C65AD432257EA7E300A978C9 /* Resources */ = {
			isa = PBXResourcesBuildPhase;
			buildActionMask = 2147483647;
			files = (
			);
			runOnlyForDeploymentPostprocessing = 0;
		};
		C65AD43D257EA7E300A978C9 /* Resources */ = {
			isa = PBXResourcesBuildPhase;
			buildActionMask = 2147483647;
			files = (
			);
			runOnlyForDeploymentPostprocessing = 0;
		};
/* End PBXResourcesBuildPhase section */

/* Begin PBXSourcesBuildPhase section */
		C65AD41A257EA7E100A978C9 /* Sources */ = {
			isa = PBXSourcesBuildPhase;
			buildActionMask = 2147483647;
			files = (
				C65AD426257EA7E100A978C9 /* ViewController.swift in Sources */,
				C65AD422257EA7E100A978C9 /* AppDelegate.swift in Sources */,
				C65AD424257EA7E100A978C9 /* SceneDelegate.swift in Sources */,
			);
			runOnlyForDeploymentPostprocessing = 0;
		};
		C65AD430257EA7E300A978C9 /* Sources */ = {
			isa = PBXSourcesBuildPhase;
			buildActionMask = 2147483647;
			files = (
				C65AD439257EA7E300A978C9 /* ConcentrationTests.swift in Sources */,
			);
			runOnlyForDeploymentPostprocessing = 0;
		};
		C65AD43B257EA7E300A978C9 /* Sources */ = {
			isa = PBXSourcesBuildPhase;
			buildActionMask = 2147483647;
			files = (
				C65AD444257EA7E300A978C9 /* ConcentrationUITests.swift in Sources */,
			);
			runOnlyForDeploymentPostprocessing = 0;
		};
/* End PBXSourcesBuildPhase section */

/* Begin PBXTargetDependency section */
		C65AD436257EA7E300A978C9 /* PBXTargetDependency */ = {
			isa = PBXTargetDependency;
			target = C65AD41D257EA7E100A978C9 /* Concentration */;
			targetProxy = C65AD435257EA7E300A978C9 /* PBXContainerItemProxy */;
		};
		C65AD441257EA7E300A978C9 /* PBXTargetDependency */ = {
			isa = PBXTargetDependency;
			target = C65AD41D257EA7E100A978C9 /* Concentration */;
			targetProxy = C65AD440257EA7E300A978C9 /* PBXContainerItemProxy */;
		};
/* End PBXTargetDependency section */

/* Begin PBXVariantGroup section */
		C65AD427257EA7E100A978C9 /* Main.storyboard */ = {
			isa = PBXVariantGroup;
			children = (
				C65AD428257EA7E100A978C9 /* Base */,
			);
			name = Main.storyboard;
			sourceTree = "<group>";
		};
		C65AD42C257EA7E300A978C9 /* LaunchScreen.storyboard */ = {
			isa = PBXVariantGroup;
			children = (
				C65AD42D257EA7E300A978C9 /* Base */,
			);
			name = LaunchScreen.storyboard;
			sourceTree = "<group>";
		};
/* End PBXVariantGroup section */

/* Begin XCBuildConfiguration section */
		C65AD446257EA7E300A978C9 /* Debug */ = {
			isa = XCBuildConfiguration;
			buildSettings = {
				ALWAYS_SEARCH_USER_PATHS = NO;
				CLANG_ANALYZER_NONNULL = YES;
				CLANG_ANALYZER_NUMBER_OBJECT_CONVERSION = YES_AGGRESSIVE;
				CLANG_CXX_LANGUAGE_STANDARD = "gnu++14";
				CLANG_CXX_LIBRARY = "libc++";
				CLANG_ENABLE_MODULES = YES;
				CLANG_ENABLE_OBJC_ARC = YES;
				CLANG_ENABLE_OBJC_WEAK = YES;
				CLANG_WARN_BLOCK_CAPTURE_AUTORELEASING = YES;
				CLANG_WARN_BOOL_CONVERSION = YES;
				CLANG_WARN_COMMA = YES;
				CLANG_WARN_CONSTANT_CONVERSION = YES;
				CLANG_WARN_DEPRECATED_OBJC_IMPLEMENTATIONS = YES;
				CLANG_WARN_DIRECT_OBJC_ISA_USAGE = YES_ERROR;
				CLANG_WARN_DOCUMENTATION_COMMENTS = YES;
				CLANG_WARN_EMPTY_BODY = YES;
				CLANG_WARN_ENUM_CONVERSION = YES;
				CLANG_WARN_INFINITE_RECURSION = YES;
				CLANG_WARN_INT_CONVERSION = YES;
				CLANG_WARN_NON_LITERAL_NULL_CONVERSION = YES;
				CLANG_WARN_OBJC_IMPLICIT_RETAIN_SELF = YES;
				CLANG_WARN_OBJC_LITERAL_CONVERSION = YES;
				CLANG_WARN_OBJC_ROOT_CLASS = YES_ERROR;
				CLANG_WARN_QUOTED_INCLUDE_IN_FRAMEWORK_HEADER = YES;
				CLANG_WARN_RANGE_LOOP_ANALYSIS = YES;
				CLANG_WARN_STRICT_PROTOTYPES = YES;
				CLANG_WARN_SUSPICIOUS_MOVE = YES;
				CLANG_WARN_UNGUARDED_AVAILABILITY = YES_AGGRESSIVE;
				CLANG_WARN_UNREACHABLE_CODE = YES;
				CLANG_WARN__DUPLICATE_METHOD_MATCH = YES;
				COPY_PHASE_STRIP = NO;
				DEBUG_INFORMATION_FORMAT = dwarf;
				ENABLE_STRICT_OBJC_MSGSEND = YES;
				ENABLE_TESTABILITY = YES;
				GCC_C_LANGUAGE_STANDARD = gnu11;
				GCC_DYNAMIC_NO_PIC = NO;
				GCC_NO_COMMON_BLOCKS = YES;
				GCC_OPTIMIZATION_LEVEL = 0;
				GCC_PREPROCESSOR_DEFINITIONS = (
					"DEBUG=1",
					"$(inherited)",
				);
				GCC_WARN_64_TO_32_BIT_CONVERSION = YES;
				GCC_WARN_ABOUT_RETURN_TYPE = YES_ERROR;
				GCC_WARN_UNDECLARED_SELECTOR = YES;
				GCC_WARN_UNINITIALIZED_AUTOS = YES_AGGRESSIVE;
				GCC_WARN_UNUSED_FUNCTION = YES;
				GCC_WARN_UNUSED_VARIABLE = YES;
				IPHONEOS_DEPLOYMENT_TARGET = 14.2;
				MTL_ENABLE_DEBUG_INFO = INCLUDE_SOURCE;
				MTL_FAST_MATH = YES;
				ONLY_ACTIVE_ARCH = YES;
				SDKROOT = iphoneos;
				SWIFT_ACTIVE_COMPILATION_CONDITIONS = DEBUG;
				SWIFT_OPTIMIZATION_LEVEL = "-Onone";
			};
			name = Debug;
		};
		C65AD447257EA7E300A978C9 /* Release */ = {
			isa = XCBuildConfiguration;
			buildSettings = {
				ALWAYS_SEARCH_USER_PATHS = NO;
				CLANG_ANALYZER_NONNULL = YES;
				CLANG_ANALYZER_NUMBER_OBJECT_CONVERSION = YES_AGGRESSIVE;
				CLANG_CXX_LANGUAGE_STANDARD = "gnu++14";
				CLANG_CXX_LIBRARY = "libc++";
				CLANG_ENABLE_MODULES = YES;
				CLANG_ENABLE_OBJC_ARC = YES;
				CLANG_ENABLE_OBJC_WEAK = YES;
				CLANG_WARN_BLOCK_CAPTURE_AUTORELEASING = YES;
				CLANG_WARN_BOOL_CONVERSION = YES;
				CLANG_WARN_COMMA = YES;
				CLANG_WARN_CONSTANT_CONVERSION = YES;
				CLANG_WARN_DEPRECATED_OBJC_IMPLEMENTATIONS = YES;
				CLANG_WARN_DIRECT_OBJC_ISA_USAGE = YES_ERROR;
				CLANG_WARN_DOCUMENTATION_COMMENTS = YES;
				CLANG_WARN_EMPTY_BODY = YES;
				CLANG_WARN_ENUM_CONVERSION = YES;
				CLANG_WARN_INFINITE_RECURSION = YES;
				CLANG_WARN_INT_CONVERSION = YES;
				CLANG_WARN_NON_LITERAL_NULL_CONVERSION = YES;
				CLANG_WARN_OBJC_IMPLICIT_RETAIN_SELF = YES;
				CLANG_WARN_OBJC_LITERAL_CONVERSION = YES;
				CLANG_WARN_OBJC_ROOT_CLASS = YES_ERROR;
				CLANG_WARN_QUOTED_INCLUDE_IN_FRAMEWORK_HEADER = YES;
				CLANG_WARN_RANGE_LOOP_ANALYSIS = YES;
				CLANG_WARN_STRICT_PROTOTYPES = YES;
				CLANG_WARN_SUSPICIOUS_MOVE = YES;
				CLANG_WARN_UNGUARDED_AVAILABILITY = YES_AGGRESSIVE;
				CLANG_WARN_UNREACHABLE_CODE = YES;
				CLANG_WARN__DUPLICATE_METHOD_MATCH = YES;
				COPY_PHASE_STRIP = NO;
				DEBUG_INFORMATION_FORMAT = "dwarf-with-dsym";
				ENABLE_NS_ASSERTIONS = NO;
				ENABLE_STRICT_OBJC_MSGSEND = YES;
				GCC_C_LANGUAGE_STANDARD = gnu11;
				GCC_NO_COMMON_BLOCKS = YES;
				GCC_WARN_64_TO_32_BIT_CONVERSION = YES;
				GCC_WARN_ABOUT_RETURN_TYPE = YES_ERROR;
				GCC_WARN_UNDECLARED_SELECTOR = YES;
				GCC_WARN_UNINITIALIZED_AUTOS = YES_AGGRESSIVE;
				GCC_WARN_UNUSED_FUNCTION = YES;
				GCC_WARN_UNUSED_VARIABLE = YES;
				IPHONEOS_DEPLOYMENT_TARGET = 14.2;
				MTL_ENABLE_DEBUG_INFO = NO;
				MTL_FAST_MATH = YES;
				SDKROOT = iphoneos;
				SWIFT_COMPILATION_MODE = wholemodule;
				SWIFT_OPTIMIZATION_LEVEL = "-O";
				VALIDATE_PRODUCT = YES;
			};
			name = Release;
		};
		C65AD449257EA7E300A978C9 /* Debug */ = {
			isa = XCBuildConfiguration;
			buildSettings = {
				ASSETCATALOG_COMPILER_APPICON_NAME = AppIcon;
				ASSETCATALOG_COMPILER_GLOBAL_ACCENT_COLOR_NAME = AccentColor;
				CODE_SIGN_STYLE = Automatic;
				DEVELOPMENT_TEAM = PW238LQ86D;
				INFOPLIST_FILE = Concentration/Info.plist;
				LD_RUNPATH_SEARCH_PATHS = (
					"$(inherited)",
					"@executable_path/Frameworks",
				);
				PRODUCT_BUNDLE_IDENTIFIER = nicolas.sieiro.dev.Concentration;
				PRODUCT_NAME = "$(TARGET_NAME)";
				SWIFT_VERSION = 5.0;
				TARGETED_DEVICE_FAMILY = "1,2";
			};
			name = Debug;
		};
		C65AD44A257EA7E300A978C9 /* Release */ = {
			isa = XCBuildConfiguration;
			buildSettings = {
				ASSETCATALOG_COMPILER_APPICON_NAME = AppIcon;
				ASSETCATALOG_COMPILER_GLOBAL_ACCENT_COLOR_NAME = AccentColor;
				CODE_SIGN_STYLE = Automatic;
				DEVELOPMENT_TEAM = PW238LQ86D;
				INFOPLIST_FILE = Concentration/Info.plist;
				LD_RUNPATH_SEARCH_PATHS = (
					"$(inherited)",
					"@executable_path/Frameworks",
				);
				PRODUCT_BUNDLE_IDENTIFIER = nicolas.sieiro.dev.Concentration;
				PRODUCT_NAME = "$(TARGET_NAME)";
				SWIFT_VERSION = 5.0;
				TARGETED_DEVICE_FAMILY = "1,2";
			};
			name = Release;
		};
		C65AD44C257EA7E300A978C9 /* Debug */ = {
			isa = XCBuildConfiguration;
			buildSettings = {
				ALWAYS_EMBED_SWIFT_STANDARD_LIBRARIES = YES;
				BUNDLE_LOADER = "$(TEST_HOST)";
				CODE_SIGN_STYLE = Automatic;
				DEVELOPMENT_TEAM = PW238LQ86D;
				INFOPLIST_FILE = ConcentrationTests/Info.plist;
				IPHONEOS_DEPLOYMENT_TARGET = 14.2;
				LD_RUNPATH_SEARCH_PATHS = (
					"$(inherited)",
					"@executable_path/Frameworks",
					"@loader_path/Frameworks",
				);
				PRODUCT_BUNDLE_IDENTIFIER = nicolas.sieiro.dev.ConcentrationTests;
				PRODUCT_NAME = "$(TARGET_NAME)";
				SWIFT_VERSION = 5.0;
				TARGETED_DEVICE_FAMILY = "1,2";
				TEST_HOST = "$(BUILT_PRODUCTS_DIR)/Concentration.app/Concentration";
			};
			name = Debug;
		};
		C65AD44D257EA7E300A978C9 /* Release */ = {
			isa = XCBuildConfiguration;
			buildSettings = {
				ALWAYS_EMBED_SWIFT_STANDARD_LIBRARIES = YES;
				BUNDLE_LOADER = "$(TEST_HOST)";
				CODE_SIGN_STYLE = Automatic;
				DEVELOPMENT_TEAM = PW238LQ86D;
				INFOPLIST_FILE = ConcentrationTests/Info.plist;
				IPHONEOS_DEPLOYMENT_TARGET = 14.2;
				LD_RUNPATH_SEARCH_PATHS = (
					"$(inherited)",
					"@executable_path/Frameworks",
					"@loader_path/Frameworks",
				);
				PRODUCT_BUNDLE_IDENTIFIER = nicolas.sieiro.dev.ConcentrationTests;
				PRODUCT_NAME = "$(TARGET_NAME)";
				SWIFT_VERSION = 5.0;
				TARGETED_DEVICE_FAMILY = "1,2";
				TEST_HOST = "$(BUILT_PRODUCTS_DIR)/Concentration.app/Concentration";
			};
			name = Release;
		};
		C65AD44F257EA7E300A978C9 /* Debug */ = {
			isa = XCBuildConfiguration;
			buildSettings = {
				ALWAYS_EMBED_SWIFT_STANDARD_LIBRARIES = YES;
				CODE_SIGN_STYLE = Automatic;
				DEVELOPMENT_TEAM = PW238LQ86D;
				INFOPLIST_FILE = ConcentrationUITests/Info.plist;
				LD_RUNPATH_SEARCH_PATHS = (
					"$(inherited)",
					"@executable_path/Frameworks",
					"@loader_path/Frameworks",
				);
				PRODUCT_BUNDLE_IDENTIFIER = nicolas.sieiro.dev.ConcentrationUITests;
				PRODUCT_NAME = "$(TARGET_NAME)";
				SWIFT_VERSION = 5.0;
				TARGETED_DEVICE_FAMILY = "1,2";
				TEST_TARGET_NAME = Concentration;
			};
			name = Debug;
		};
		C65AD450257EA7E300A978C9 /* Release */ = {
			isa = XCBuildConfiguration;
			buildSettings = {
				ALWAYS_EMBED_SWIFT_STANDARD_LIBRARIES = YES;
				CODE_SIGN_STYLE = Automatic;
				DEVELOPMENT_TEAM = PW238LQ86D;
				INFOPLIST_FILE = ConcentrationUITests/Info.plist;
				LD_RUNPATH_SEARCH_PATHS = (
					"$(inherited)",
					"@executable_path/Frameworks",
					"@loader_path/Frameworks",
				);
				PRODUCT_BUNDLE_IDENTIFIER = nicolas.sieiro.dev.ConcentrationUITests;
				PRODUCT_NAME = "$(TARGET_NAME)";
				SWIFT_VERSION = 5.0;
				TARGETED_DEVICE_FAMILY = "1,2";
				TEST_TARGET_NAME = Concentration;
			};
			name = Release;
		};
/* End XCBuildConfiguration section */

/* Begin XCConfigurationList section */
		C65AD419257EA7E100A978C9 /* Build configuration list for PBXProject "Concentration" */ = {
			isa = XCConfigurationList;
			buildConfigurations = (
				C65AD446257EA7E300A978C9 /* Debug */,
				C65AD447257EA7E300A978C9 /* Release */,
			);
			defaultConfigurationIsVisible = 0;
			defaultConfigurationName = Release;
		};
		C65AD448257EA7E300A978C9 /* Build configuration list for PBXNativeTarget "Concentration" */ = {
			isa = XCConfigurationList;
			buildConfigurations = (
				C65AD449257EA7E300A978C9 /* Debug */,
				C65AD44A257EA7E300A978C9 /* Release */,
			);
			defaultConfigurationIsVisible = 0;
			defaultConfigurationName = Release;
		};
		C65AD44B257EA7E300A978C9 /* Build configuration list for PBXNativeTarget "ConcentrationTests" */ = {
			isa = XCConfigurationList;
			buildConfigurations = (
				C65AD44C257EA7E300A978C9 /* Debug */,
				C65AD44D257EA7E300A978C9 /* Release */,
			);
			defaultConfigurationIsVisible = 0;
			defaultConfigurationName = Release;
		};
		C65AD44E257EA7E300A978C9 /* Build configuration list for PBXNativeTarget "ConcentrationUITests" */ = {
			isa = XCConfigurationList;
			buildConfigurations = (
				C65AD44F257EA7E300A978C9 /* Debug */,
				C65AD450257EA7E300A978C9 /* Release */,
			);
			defaultConfigurationIsVisible = 0;
			defaultConfigurationName = Release;
		};
/* End XCConfigurationList section */
	};
	rootObject = C65AD416257EA7E100A978C9 /* Project object */;
}
